
Microsoft Visual Studio Solution File, Format Version 12.00
# Visual Studio 2013
VisualStudioVersion = 12.0.31101.0
MinimumVisualStudioVersion = 10.0.40219.1
Project("{FAE04EC0-301F-11D3-BF4B-00C04F79EFBC}") = "GitCheese.Client.Web", "GitCheese.Client.Web.csproj", "{AA815FF0-DD10-43C3-B522-76AF97DD8D3D}"
EndProject
Global
	GlobalSection(SolutionConfigurationPlatforms) = preSolution
		Debug|Any CPU = Debug|Any CPU
		Release|Any CPU = Release|Any CPU
	EndGlobalSection
	GlobalSection(ProjectConfigurationPlatforms) = postSolution
		{AA815FF0-DD10-43C3-B522-76AF97DD8D3D}.Debug|Any CPU.ActiveCfg = Debug|Any CPU
		{AA815FF0-DD10-43C3-B522-76AF97DD8D3D}.Debug|Any CPU.Build.0 = Debug|Any CPU
		{AA815FF0-DD10-43C3-B522-76AF97DD8D3D}.Release|Any CPU.ActiveCfg = Release|Any CPU
		{AA815FF0-DD10-43C3-B522-76AF97DD8D3D}.Release|Any CPU.Build.0 = Release|Any CPU
	EndGlobalSection
	GlobalSection(SolutionProperties) = preSolution
		HideSolutionNode = FALSE
	EndGlobalSection
EndGlobal
